// !$*UTF8*$!
{
	archiveVersion = 1;
	classes = {
	};
	objectVersion = 46;
	objects = {

/* Begin PBXBuildFile section */
		7B14BC291DE230380015C5E9 /* AppDelegate.swift in Sources */ = {isa = PBXBuildFile; fileRef = 7B14BC281DE230380015C5E9 /* AppDelegate.swift */; };
		7B14BC2E1DE230380015C5E9 /* Main.storyboard in Resources */ = {isa = PBXBuildFile; fileRef = 7B14BC2C1DE230380015C5E9 /* Main.storyboard */; };
		7B14BC301DE230380015C5E9 /* Assets.xcassets in Resources */ = {isa = PBXBuildFile; fileRef = 7B14BC2F1DE230380015C5E9 /* Assets.xcassets */; };
		7B14BC331DE230380015C5E9 /* LaunchScreen.storyboard in Resources */ = {isa = PBXBuildFile; fileRef = 7B14BC311DE230380015C5E9 /* LaunchScreen.storyboard */; };
		7B14BC3B1DE233E80015C5E9 /* PhotoDetailViewController.swift in Sources */ = {isa = PBXBuildFile; fileRef = 7B14BC3A1DE233E80015C5E9 /* PhotoDetailViewController.swift */; };
		7B14BC3F1DE234670015C5E9 /* PhotoSearchViewController.swift in Sources */ = {isa = PBXBuildFile; fileRef = 7B14BC3E1DE234670015C5E9 /* PhotoSearchViewController.swift */; };
		7B14BC451DE236630015C5E9 /* PhotoSeachInteractor.swift in Sources */ = {isa = PBXBuildFile; fileRef = 7B14BC441DE236630015C5E9 /* PhotoSeachInteractor.swift */; };
		7B14BC471DE236930015C5E9 /* PhotoDetailInteractor.swift in Sources */ = {isa = PBXBuildFile; fileRef = 7B14BC461DE236930015C5E9 /* PhotoDetailInteractor.swift */; };
		7B14BC491DE236D00015C5E9 /* PhotoSearchPresenter.swift in Sources */ = {isa = PBXBuildFile; fileRef = 7B14BC481DE236D00015C5E9 /* PhotoSearchPresenter.swift */; };
		7B14BC4B1DE236E60015C5E9 /* PhotoDetailPresenter.swift in Sources */ = {isa = PBXBuildFile; fileRef = 7B14BC4A1DE236E60015C5E9 /* PhotoDetailPresenter.swift */; };
		7B14BC4F1DE2375F0015C5E9 /* FlickrPhotoModel.swift in Sources */ = {isa = PBXBuildFile; fileRef = 7B14BC4E1DE2375F0015C5E9 /* FlickrPhotoModel.swift */; };
		7B14BC521DE237B10015C5E9 /* FlickrDataManager.swift in Sources */ = {isa = PBXBuildFile; fileRef = 7B14BC511DE237B10015C5E9 /* FlickrDataManager.swift */; };
		7B14BC541DE238120015C5E9 /* PhotoSearchRouting.swift in Sources */ = {isa = PBXBuildFile; fileRef = 7B14BC531DE238120015C5E9 /* PhotoSearchRouting.swift */; };
		7B14BC561DE238300015C5E9 /* PhotoSearchAssembly.swift in Sources */ = {isa = PBXBuildFile; fileRef = 7B14BC551DE238300015C5E9 /* PhotoSearchAssembly.swift */; };
		7B14BC581DE2384E0015C5E9 /* PhotoDetailAssembly.swift in Sources */ = {isa = PBXBuildFile; fileRef = 7B14BC571DE2384E0015C5E9 /* PhotoDetailAssembly.swift */; };
		7B14BC5A1DE248990015C5E9 /* Constants.swift in Sources */ = {isa = PBXBuildFile; fileRef = 7B14BC591DE248990015C5E9 /* Constants.swift */; };
/* End PBXBuildFile section */

/* Begin PBXFileReference section */
		7B14BC251DE230380015C5E9 /* Flickr.app */ = {isa = PBXFileReference; explicitFileType = wrapper.application; includeInIndex = 0; path = Flickr.app; sourceTree = BUILT_PRODUCTS_DIR; };
		7B14BC281DE230380015C5E9 /* AppDelegate.swift */ = {isa = PBXFileReference; lastKnownFileType = sourcecode.swift; path = AppDelegate.swift; sourceTree = "<group>"; };
		7B14BC2D1DE230380015C5E9 /* Base */ = {isa = PBXFileReference; lastKnownFileType = file.storyboard; name = Base; path = Base.lproj/Main.storyboard; sourceTree = "<group>"; };
		7B14BC2F1DE230380015C5E9 /* Assets.xcassets */ = {isa = PBXFileReference; lastKnownFileType = folder.assetcatalog; path = Assets.xcassets; sourceTree = "<group>"; };
		7B14BC321DE230380015C5E9 /* Base */ = {isa = PBXFileReference; lastKnownFileType = file.storyboard; name = Base; path = Base.lproj/LaunchScreen.storyboard; sourceTree = "<group>"; };
		7B14BC341DE230380015C5E9 /* Info.plist */ = {isa = PBXFileReference; lastKnownFileType = text.plist.xml; path = Info.plist; sourceTree = "<group>"; };
		7B14BC3A1DE233E80015C5E9 /* PhotoDetailViewController.swift */ = {isa = PBXFileReference; fileEncoding = 4; lastKnownFileType = sourcecode.swift; path = PhotoDetailViewController.swift; sourceTree = "<group>"; };
		7B14BC3E1DE234670015C5E9 /* PhotoSearchViewController.swift */ = {isa = PBXFileReference; fileEncoding = 4; lastKnownFileType = sourcecode.swift; path = PhotoSearchViewController.swift; sourceTree = "<group>"; };
		7B14BC441DE236630015C5E9 /* PhotoSeachInteractor.swift */ = {isa = PBXFileReference; fileEncoding = 4; lastKnownFileType = sourcecode.swift; path = PhotoSeachInteractor.swift; sourceTree = "<group>"; };
		7B14BC461DE236930015C5E9 /* PhotoDetailInteractor.swift */ = {isa = PBXFileReference; fileEncoding = 4; lastKnownFileType = sourcecode.swift; path = PhotoDetailInteractor.swift; sourceTree = "<group>"; };
		7B14BC481DE236D00015C5E9 /* PhotoSearchPresenter.swift */ = {isa = PBXFileReference; fileEncoding = 4; lastKnownFileType = sourcecode.swift; path = PhotoSearchPresenter.swift; sourceTree = "<group>"; };
		7B14BC4A1DE236E60015C5E9 /* PhotoDetailPresenter.swift */ = {isa = PBXFileReference; fileEncoding = 4; lastKnownFileType = sourcecode.swift; path = PhotoDetailPresenter.swift; sourceTree = "<group>"; };
		7B14BC4E1DE2375F0015C5E9 /* FlickrPhotoModel.swift */ = {isa = PBXFileReference; fileEncoding = 4; lastKnownFileType = sourcecode.swift; path = FlickrPhotoModel.swift; sourceTree = "<group>"; };
		7B14BC511DE237B10015C5E9 /* FlickrDataManager.swift */ = {isa = PBXFileReference; fileEncoding = 4; lastKnownFileType = sourcecode.swift; path = FlickrDataManager.swift; sourceTree = "<group>"; };
		7B14BC531DE238120015C5E9 /* PhotoSearchRouting.swift */ = {isa = PBXFileReference; fileEncoding = 4; lastKnownFileType = sourcecode.swift; path = PhotoSearchRouting.swift; sourceTree = "<group>"; };
		7B14BC551DE238300015C5E9 /* PhotoSearchAssembly.swift */ = {isa = PBXFileReference; fileEncoding = 4; lastKnownFileType = sourcecode.swift; path = PhotoSearchAssembly.swift; sourceTree = "<group>"; };
		7B14BC571DE2384E0015C5E9 /* PhotoDetailAssembly.swift */ = {isa = PBXFileReference; fileEncoding = 4; lastKnownFileType = sourcecode.swift; path = PhotoDetailAssembly.swift; sourceTree = "<group>"; };
		7B14BC591DE248990015C5E9 /* Constants.swift */ = {isa = PBXFileReference; fileEncoding = 4; lastKnownFileType = sourcecode.swift; path = Constants.swift; sourceTree = "<group>"; };
/* End PBXFileReference section */

/* Begin PBXFrameworksBuildPhase section */
		7B14BC221DE230380015C5E9 /* Frameworks */ = {
			isa = PBXFrameworksBuildPhase;
			buildActionMask = 2147483647;
			files = (
			);
			runOnlyForDeploymentPostprocessing = 0;
		};
/* End PBXFrameworksBuildPhase section */

/* Begin PBXGroup section */
		7B14BC1C1DE230380015C5E9 = {
			isa = PBXGroup;
			children = (
				7B14BC271DE230380015C5E9 /* Flickr */,
				7B14BC261DE230380015C5E9 /* Products */,
			);
			sourceTree = "<group>";
		};
		7B14BC261DE230380015C5E9 /* Products */ = {
			isa = PBXGroup;
			children = (
				7B14BC251DE230380015C5E9 /* Flickr.app */,
			);
			name = Products;
			sourceTree = "<group>";
		};
		7B14BC271DE230380015C5E9 /* Flickr */ = {
			isa = PBXGroup;
			children = (
				7B14BC501DE237940015C5E9 /* Services */,
				7B14BC4C1DE237480015C5E9 /* Models */,
				7B14BC401DE235BE0015C5E9 /* PhotoSearch */,
				7B14BC411DE235CF0015C5E9 /* PhotoDetail */,
				7B14BC281DE230380015C5E9 /* AppDelegate.swift */,
				7B14BC2C1DE230380015C5E9 /* Main.storyboard */,
				7B14BC2F1DE230380015C5E9 /* Assets.xcassets */,
				7B14BC311DE230380015C5E9 /* LaunchScreen.storyboard */,
				7B14BC341DE230380015C5E9 /* Info.plist */,
				7B14BC591DE248990015C5E9 /* Constants.swift */,
			);
			path = Flickr;
			sourceTree = "<group>";
		};
		7B14BC401DE235BE0015C5E9 /* PhotoSearch */ = {
			isa = PBXGroup;
			children = (
				7B14BC431DE235ED0015C5E9 /* Modules */,
			);
			name = PhotoSearch;
			sourceTree = "<group>";
		};
		7B14BC411DE235CF0015C5E9 /* PhotoDetail */ = {
			isa = PBXGroup;
			children = (
				7B14BC421DE235DE0015C5E9 /* Modules */,
			);
			name = PhotoDetail;
			sourceTree = "<group>";
		};
		7B14BC421DE235DE0015C5E9 /* Modules */ = {
			isa = PBXGroup;
			children = (
				7B14BC3A1DE233E80015C5E9 /* PhotoDetailViewController.swift */,
				7B14BC461DE236930015C5E9 /* PhotoDetailInteractor.swift */,
				7B14BC4A1DE236E60015C5E9 /* PhotoDetailPresenter.swift */,
				7B14BC571DE2384E0015C5E9 /* PhotoDetailAssembly.swift */,
			);
			name = Modules;
			sourceTree = "<group>";
		};
		7B14BC431DE235ED0015C5E9 /* Modules */ = {
			isa = PBXGroup;
			children = (
				7B14BC3E1DE234670015C5E9 /* PhotoSearchViewController.swift */,
				7B14BC441DE236630015C5E9 /* PhotoSeachInteractor.swift */,
				7B14BC481DE236D00015C5E9 /* PhotoSearchPresenter.swift */,
				7B14BC531DE238120015C5E9 /* PhotoSearchRouting.swift */,
				7B14BC551DE238300015C5E9 /* PhotoSearchAssembly.swift */,
			);
			name = Modules;
			sourceTree = "<group>";
		};
		7B14BC4C1DE237480015C5E9 /* Models */ = {
			isa = PBXGroup;
			children = (
				7B14BC4E1DE2375F0015C5E9 /* FlickrPhotoModel.swift */,
			);
			name = Models;
			sourceTree = "<group>";
		};
		7B14BC501DE237940015C5E9 /* Services */ = {
			isa = PBXGroup;
			children = (
				7B14BC511DE237B10015C5E9 /* FlickrDataManager.swift */,
			);
			name = Services;
			sourceTree = "<group>";
		};
/* End PBXGroup section */

/* Begin PBXNativeTarget section */
		7B14BC241DE230380015C5E9 /* Flickr */ = {
			isa = PBXNativeTarget;
			buildConfigurationList = 7B14BC371DE230380015C5E9 /* Build configuration list for PBXNativeTarget "Flickr" */;
			buildPhases = (
				7B14BC211DE230380015C5E9 /* Sources */,
				7B14BC221DE230380015C5E9 /* Frameworks */,
				7B14BC231DE230380015C5E9 /* Resources */,
			);
			buildRules = (
			);
			dependencies = (
			);
			name = Flickr;
			productName = Flickr;
			productReference = 7B14BC251DE230380015C5E9 /* Flickr.app */;
			productType = "com.apple.product-type.application";
		};
/* End PBXNativeTarget section */

/* Begin PBXProject section */
		7B14BC1D1DE230380015C5E9 /* Project object */ = {
			isa = PBXProject;
			attributes = {
				LastSwiftUpdateCheck = 0810;
				LastUpgradeCheck = 0810;
				ORGANIZATIONNAME = "Timofey Lavrenyuk";
				TargetAttributes = {
					7B14BC241DE230380015C5E9 = {
						CreatedOnToolsVersion = 8.1;
						ProvisioningStyle = Automatic;
					};
				};
			};
			buildConfigurationList = 7B14BC201DE230380015C5E9 /* Build configuration list for PBXProject "Flickr" */;
			compatibilityVersion = "Xcode 3.2";
			developmentRegion = English;
			hasScannedForEncodings = 0;
			knownRegions = (
				en,
				Base,
			);
			mainGroup = 7B14BC1C1DE230380015C5E9;
			productRefGroup = 7B14BC261DE230380015C5E9 /* Products */;
			projectDirPath = "";
			projectRoot = "";
			targets = (
				7B14BC241DE230380015C5E9 /* Flickr */,
			);
		};
/* End PBXProject section */

/* Begin PBXResourcesBuildPhase section */
		7B14BC231DE230380015C5E9 /* Resources */ = {
			isa = PBXResourcesBuildPhase;
			buildActionMask = 2147483647;
			files = (
				7B14BC331DE230380015C5E9 /* LaunchScreen.storyboard in Resources */,
				7B14BC301DE230380015C5E9 /* Assets.xcassets in Resources */,
				7B14BC2E1DE230380015C5E9 /* Main.storyboard in Resources */,
			);
			runOnlyForDeploymentPostprocessing = 0;
		};
/* End PBXResourcesBuildPhase section */

/* Begin PBXSourcesBuildPhase section */
		7B14BC211DE230380015C5E9 /* Sources */ = {
			isa = PBXSourcesBuildPhase;
			buildActionMask = 2147483647;
			files = (
				7B14BC561DE238300015C5E9 /* PhotoSearchAssembly.swift in Sources */,
				7B14BC291DE230380015C5E9 /* AppDelegate.swift in Sources */,
				7B14BC541DE238120015C5E9 /* PhotoSearchRouting.swift in Sources */,
				7B14BC471DE236930015C5E9 /* PhotoDetailInteractor.swift in Sources */,
				7B14BC3B1DE233E80015C5E9 /* PhotoDetailViewController.swift in Sources */,
				7B14BC4B1DE236E60015C5E9 /* PhotoDetailPresenter.swift in Sources */,
				7B14BC491DE236D00015C5E9 /* PhotoSearchPresenter.swift in Sources */,
				7B14BC5A1DE248990015C5E9 /* Constants.swift in Sources */,
				7B14BC521DE237B10015C5E9 /* FlickrDataManager.swift in Sources */,
				7B14BC451DE236630015C5E9 /* PhotoSeachInteractor.swift in Sources */,
				7B14BC581DE2384E0015C5E9 /* PhotoDetailAssembly.swift in Sources */,
				7B14BC3F1DE234670015C5E9 /* PhotoSearchViewController.swift in Sources */,
				7B14BC4F1DE2375F0015C5E9 /* FlickrPhotoModel.swift in Sources */,
			);
			runOnlyForDeploymentPostprocessing = 0;
		};
/* End PBXSourcesBuildPhase section */

/* Begin PBXVariantGroup section */
		7B14BC2C1DE230380015C5E9 /* Main.storyboard */ = {
			isa = PBXVariantGroup;
			children = (
				7B14BC2D1DE230380015C5E9 /* Base */,
			);
			name = Main.storyboard;
			sourceTree = "<group>";
		};
		7B14BC311DE230380015C5E9 /* LaunchScreen.storyboard */ = {
			isa = PBXVariantGroup;
			children = (
				7B14BC321DE230380015C5E9 /* Base */,
			);
			name = LaunchScreen.storyboard;
			sourceTree = "<group>";
		};
/* End PBXVariantGroup section */

/* Begin XCBuildConfiguration section */
		7B14BC351DE230380015C5E9 /* Debug */ = {
			isa = XCBuildConfiguration;
			buildSettings = {
				ALWAYS_SEARCH_USER_PATHS = NO;
				CLANG_ANALYZER_NONNULL = YES;
				CLANG_CXX_LANGUAGE_STANDARD = "gnu++0x";
				CLANG_CXX_LIBRARY = "libc++";
				CLANG_ENABLE_MODULES = YES;
				CLANG_ENABLE_OBJC_ARC = YES;
				CLANG_WARN_BOOL_CONVERSION = YES;
				CLANG_WARN_CONSTANT_CONVERSION = YES;
				CLANG_WARN_DIRECT_OBJC_ISA_USAGE = YES_ERROR;
				CLANG_WARN_DOCUMENTATION_COMMENTS = YES;
				CLANG_WARN_EMPTY_BODY = YES;
				CLANG_WARN_ENUM_CONVERSION = YES;
				CLANG_WARN_INFINITE_RECURSION = YES;
				CLANG_WARN_INT_CONVERSION = YES;
				CLANG_WARN_OBJC_ROOT_CLASS = YES_ERROR;
				CLANG_WARN_SUSPICIOUS_MOVES = YES;
				CLANG_WARN_UNREACHABLE_CODE = YES;
				CLANG_WARN__DUPLICATE_METHOD_MATCH = YES;
				"CODE_SIGN_IDENTITY[sdk=iphoneos*]" = "iPhone Developer";
				COPY_PHASE_STRIP = NO;
				DEBUG_INFORMATION_FORMAT = dwarf;
				ENABLE_STRICT_OBJC_MSGSEND = YES;
				ENABLE_TESTABILITY = YES;
				GCC_C_LANGUAGE_STANDARD = gnu99;
				GCC_DYNAMIC_NO_PIC = NO;
				GCC_NO_COMMON_BLOCKS = YES;
				GCC_OPTIMIZATION_LEVEL = 0;
				GCC_PREPROCESSOR_DEFINITIONS = (
					"DEBUG=1",
					"$(inherited)",
				);
				GCC_WARN_64_TO_32_BIT_CONVERSION = YES;
				GCC_WARN_ABOUT_RETURN_TYPE = YES_ERROR;
				GCC_WARN_UNDECLARED_SELECTOR = YES;
				GCC_WARN_UNINITIALIZED_AUTOS = YES_AGGRESSIVE;
				GCC_WARN_UNUSED_FUNCTION = YES;
				GCC_WARN_UNUSED_VARIABLE = YES;
				IPHONEOS_DEPLOYMENT_TARGET = 10.1;
				MTL_ENABLE_DEBUG_INFO = YES;
				ONLY_ACTIVE_ARCH = YES;
				SDKROOT = iphoneos;
				SWIFT_ACTIVE_COMPILATION_CONDITIONS = DEBUG;
				SWIFT_OPTIMIZATION_LEVEL = "-Onone";
			};
			name = Debug;
		};
		7B14BC361DE230380015C5E9 /* Release */ = {
			isa = XCBuildConfiguration;
			buildSettings = {
				ALWAYS_SEARCH_USER_PATHS = NO;
				CLANG_ANALYZER_NONNULL = YES;
				CLANG_CXX_LANGUAGE_STANDARD = "gnu++0x";
				CLANG_CXX_LIBRARY = "libc++";
				CLANG_ENABLE_MODULES = YES;
				CLANG_ENABLE_OBJC_ARC = YES;
				CLANG_WARN_BOOL_CONVERSION = YES;
				CLANG_WARN_CONSTANT_CONVERSION = YES;
				CLANG_WARN_DIRECT_OBJC_ISA_USAGE = YES_ERROR;
				CLANG_WARN_DOCUMENTATION_COMMENTS = YES;
				CLANG_WARN_EMPTY_BODY = YES;
				CLANG_WARN_ENUM_CONVERSION = YES;
				CLANG_WARN_INFINITE_RECURSION = YES;
				CLANG_WARN_INT_CONVERSION = YES;
				CLANG_WARN_OBJC_ROOT_CLASS = YES_ERROR;
				CLANG_WARN_SUSPICIOUS_MOVES = YES;
				CLANG_WARN_UNREACHABLE_CODE = YES;
				CLANG_WARN__DUPLICATE_METHOD_MATCH = YES;
				"CODE_SIGN_IDENTITY[sdk=iphoneos*]" = "iPhone Developer";
				COPY_PHASE_STRIP = NO;
				DEBUG_INFORMATION_FORMAT = "dwarf-with-dsym";
				ENABLE_NS_ASSERTIONS = NO;
				ENABLE_STRICT_OBJC_MSGSEND = YES;
				GCC_C_LANGUAGE_STANDARD = gnu99;
				GCC_NO_COMMON_BLOCKS = YES;
				GCC_WARN_64_TO_32_BIT_CONVERSION = YES;
				GCC_WARN_ABOUT_RETURN_TYPE = YES_ERROR;
				GCC_WARN_UNDECLARED_SELECTOR = YES;
				GCC_WARN_UNINITIALIZED_AUTOS = YES_AGGRESSIVE;
				GCC_WARN_UNUSED_FUNCTION = YES;
				GCC_WARN_UNUSED_VARIABLE = YES;
				IPHONEOS_DEPLOYMENT_TARGET = 10.1;
				MTL_ENABLE_DEBUG_INFO = NO;
				SDKROOT = iphoneos;
				SWIFT_OPTIMIZATION_LEVEL = "-Owholemodule";
				VALIDATE_PRODUCT = YES;
			};
			name = Release;
		};
		7B14BC381DE230380015C5E9 /* Debug */ = {
			isa = XCBuildConfiguration;
			buildSettings = {
				ASSETCATALOG_COMPILER_APPICON_NAME = AppIcon;
				INFOPLIST_FILE = Flickr/Info.plist;
				LD_RUNPATH_SEARCH_PATHS = "$(inherited) @executable_path/Frameworks";
				PRODUCT_BUNDLE_IDENTIFIER = timofey.lavrenyuk.app.Flickr;
				PRODUCT_NAME = "$(TARGET_NAME)";
				SWIFT_VERSION = 3.0;
			};
			name = Debug;
		};
		7B14BC391DE230380015C5E9 /* Release */ = {
			isa = XCBuildConfiguration;
			buildSettings = {
				ASSETCATALOG_COMPILER_APPICON_NAME = AppIcon;
				INFOPLIST_FILE = Flickr/Info.plist;
				LD_RUNPATH_SEARCH_PATHS = "$(inherited) @executable_path/Frameworks";
				PRODUCT_BUNDLE_IDENTIFIER = timofey.lavrenyuk.app.Flickr;
				PRODUCT_NAME = "$(TARGET_NAME)";
				SWIFT_VERSION = 3.0;
			};
			name = Release;
		};
/* End XCBuildConfiguration section */

/* Begin XCConfigurationList section */
		7B14BC201DE230380015C5E9 /* Build configuration list for PBXProject "Flickr" */ = {
			isa = XCConfigurationList;
			buildConfigurations = (
				7B14BC351DE230380015C5E9 /* Debug */,
				7B14BC361DE230380015C5E9 /* Release */,
			);
			defaultConfigurationIsVisible = 0;
			defaultConfigurationName = Release;
		};
		7B14BC371DE230380015C5E9 /* Build configuration list for PBXNativeTarget "Flickr" */ = {
			isa = XCConfigurationList;
			buildConfigurations = (
				7B14BC381DE230380015C5E9 /* Debug */,
				7B14BC391DE230380015C5E9 /* Release */,
			);
			defaultConfigurationIsVisible = 0;
		};
/* End XCConfigurationList section */
	};
	rootObject = 7B14BC1D1DE230380015C5E9 /* Project object */;
}
